
Microsoft Visual Studio Solution File, Format Version 12.00
# Visual Studio Version 16
VisualStudioVersion = 16.0.30621.155
MinimumVisualStudioVersion = 10.0.40219.1
Project("{FAE04EC0-301F-11D3-BF4B-00C04F79EFBC}") = "Book_System", "Book_System\Book_System.csproj", "{8E30E2EF-192A-4E9E-AAFF-824B717041B4}"
EndProject
Global
	GlobalSection(SolutionConfigurationPlatforms) = preSolution
		Debug|Any CPU = Debug|Any CPU
		Release|Any CPU = Release|Any CPU
	EndGlobalSection
	GlobalSection(ProjectConfigurationPlatforms) = postSolution
		{8E30E2EF-192A-4E9E-AAFF-824B717041B4}.Debug|Any CPU.ActiveCfg = Debug|Any CPU
		{8E30E2EF-192A-4E9E-AAFF-824B717041B4}.Debug|Any CPU.Build.0 = Debug|Any CPU
		{8E30E2EF-192A-4E9E-AAFF-824B717041B4}.Release|Any CPU.ActiveCfg = Release|Any CPU
		{8E30E2EF-192A-4E9E-AAFF-824B717041B4}.Release|Any CPU.Build.0 = Release|Any CPU
	EndGlobalSection
	GlobalSection(SolutionProperties) = preSolution
		HideSolutionNode = FALSE
	EndGlobalSection
	GlobalSection(ExtensibilityGlobals) = postSolution
		SolutionGuid = {A9B78648-033F-4328-B97C-FE972980424C}
	EndGlobalSection
EndGlobal
